// !$*UTF8*$!
{
	archiveVersion = 1;
	classes = {
	};
	objectVersion = 46;
	objects = {

/* Begin PBXBuildFile section */
		D226AE951DA42A190015A74B /* BunnyCloseEyes1.png in Resources */ = {isa = PBXBuildFile; fileRef = D226AE8D1DA42A190015A74B /* BunnyCloseEyes1.png */; };
		D226AE961DA42A190015A74B /* BunnyCloseEyes2.png in Resources */ = {isa = PBXBuildFile; fileRef = D226AE8E1DA42A190015A74B /* BunnyCloseEyes2.png */; };
		D226AE971DA42A190015A74B /* BunnyCloseEyes3.png in Resources */ = {isa = PBXBuildFile; fileRef = D226AE8F1DA42A190015A74B /* BunnyCloseEyes3.png */; };
		D226AE981DA42A190015A74B /* BunnyCloseEyes4.png in Resources */ = {isa = PBXBuildFile; fileRef = D226AE901DA42A190015A74B /* BunnyCloseEyes4.png */; };
		D226AE991DA42A190015A74B /* BunnyCloseEyes5.png in Resources */ = {isa = PBXBuildFile; fileRef = D226AE911DA42A190015A74B /* BunnyCloseEyes5.png */; };
		D226AE9A1DA42A190015A74B /* BunnyEat1.png in Resources */ = {isa = PBXBuildFile; fileRef = D226AE921DA42A190015A74B /* BunnyEat1.png */; };
		D226AE9B1DA42A190015A74B /* BunnyEat2.png in Resources */ = {isa = PBXBuildFile; fileRef = D226AE931DA42A190015A74B /* BunnyEat2.png */; };
		D226AE9C1DA42A190015A74B /* BunnyEat3.png in Resources */ = {isa = PBXBuildFile; fileRef = D226AE941DA42A190015A74B /* BunnyEat3.png */; };
		D279EB4F1D8C181C005E9A35 /* AppDelegate.swift in Sources */ = {isa = PBXBuildFile; fileRef = D279EB4E1D8C181C005E9A35 /* AppDelegate.swift */; };
		D279EB511D8C181C005E9A35 /* ViewController.swift in Sources */ = {isa = PBXBuildFile; fileRef = D279EB501D8C181C005E9A35 /* ViewController.swift */; };
		D279EB541D8C181C005E9A35 /* Main.storyboard in Resources */ = {isa = PBXBuildFile; fileRef = D279EB521D8C181C005E9A35 /* Main.storyboard */; };
		D279EB561D8C181C005E9A35 /* Assets.xcassets in Resources */ = {isa = PBXBuildFile; fileRef = D279EB551D8C181C005E9A35 /* Assets.xcassets */; };
		D279EB591D8C181C005E9A35 /* LaunchScreen.storyboard in Resources */ = {isa = PBXBuildFile; fileRef = D279EB571D8C181C005E9A35 /* LaunchScreen.storyboard */; };
		D279EB721D8C189F005E9A35 /* Apple.png in Resources */ = {isa = PBXBuildFile; fileRef = D279EB611D8C189F005E9A35 /* Apple.png */; };
		D279EB731D8C189F005E9A35 /* Basketball.png in Resources */ = {isa = PBXBuildFile; fileRef = D279EB621D8C189F005E9A35 /* Basketball.png */; };
		D279EB791D8C189F005E9A35 /* BunnyDefault.png in Resources */ = {isa = PBXBuildFile; fileRef = D279EB681D8C189F005E9A35 /* BunnyDefault.png */; };
		D279EB7C1D8C189F005E9A35 /* BunnyRun1.png in Resources */ = {isa = PBXBuildFile; fileRef = D279EB6B1D8C189F005E9A35 /* BunnyRun1.png */; };
		D279EB7D1D8C189F005E9A35 /* BunnyRun2.png in Resources */ = {isa = PBXBuildFile; fileRef = D279EB6C1D8C189F005E9A35 /* BunnyRun2.png */; };
		D279EB7E1D8C189F005E9A35 /* BunnyText.png in Resources */ = {isa = PBXBuildFile; fileRef = D279EB6D1D8C189F005E9A35 /* BunnyText.png */; };
		D279EB7F1D8C189F005E9A35 /* Carrot1.png in Resources */ = {isa = PBXBuildFile; fileRef = D279EB6E1D8C189F005E9A35 /* Carrot1.png */; };
		D279EB801D8C189F005E9A35 /* Carrot2.png in Resources */ = {isa = PBXBuildFile; fileRef = D279EB6F1D8C189F005E9A35 /* Carrot2.png */; };
		D279EB811D8C189F005E9A35 /* Carrot3.png in Resources */ = {isa = PBXBuildFile; fileRef = D279EB701D8C189F005E9A35 /* Carrot3.png */; };
		D279EB821D8C189F005E9A35 /* Strawberry.png in Resources */ = {isa = PBXBuildFile; fileRef = D279EB711D8C189F005E9A35 /* Strawberry.png */; };
/* End PBXBuildFile section */

/* Begin PBXFileReference section */
		D226AE8D1DA42A190015A74B /* BunnyCloseEyes1.png */ = {isa = PBXFileReference; lastKnownFileType = image.png; path = BunnyCloseEyes1.png; sourceTree = "<group>"; };
		D226AE8E1DA42A190015A74B /* BunnyCloseEyes2.png */ = {isa = PBXFileReference; lastKnownFileType = image.png; path = BunnyCloseEyes2.png; sourceTree = "<group>"; };
		D226AE8F1DA42A190015A74B /* BunnyCloseEyes3.png */ = {isa = PBXFileReference; lastKnownFileType = image.png; path = BunnyCloseEyes3.png; sourceTree = "<group>"; };
		D226AE901DA42A190015A74B /* BunnyCloseEyes4.png */ = {isa = PBXFileReference; lastKnownFileType = image.png; path = BunnyCloseEyes4.png; sourceTree = "<group>"; };
		D226AE911DA42A190015A74B /* BunnyCloseEyes5.png */ = {isa = PBXFileReference; lastKnownFileType = image.png; path = BunnyCloseEyes5.png; sourceTree = "<group>"; };
		D226AE921DA42A190015A74B /* BunnyEat1.png */ = {isa = PBXFileReference; lastKnownFileType = image.png; path = BunnyEat1.png; sourceTree = "<group>"; };
		D226AE931DA42A190015A74B /* BunnyEat2.png */ = {isa = PBXFileReference; lastKnownFileType = image.png; path = BunnyEat2.png; sourceTree = "<group>"; };
		D226AE941DA42A190015A74B /* BunnyEat3.png */ = {isa = PBXFileReference; lastKnownFileType = image.png; path = BunnyEat3.png; sourceTree = "<group>"; };
		D279EB4B1D8C181C005E9A35 /* CuteBunny.app */ = {isa = PBXFileReference; explicitFileType = wrapper.application; includeInIndex = 0; path = CuteBunny.app; sourceTree = BUILT_PRODUCTS_DIR; };
		D279EB4E1D8C181C005E9A35 /* AppDelegate.swift */ = {isa = PBXFileReference; lastKnownFileType = sourcecode.swift; path = AppDelegate.swift; sourceTree = "<group>"; };
		D279EB501D8C181C005E9A35 /* ViewController.swift */ = {isa = PBXFileReference; lastKnownFileType = sourcecode.swift; path = ViewController.swift; sourceTree = "<group>"; };
		D279EB531D8C181C005E9A35 /* Base */ = {isa = PBXFileReference; lastKnownFileType = file.storyboard; name = Base; path = Base.lproj/Main.storyboard; sourceTree = "<group>"; };
		D279EB551D8C181C005E9A35 /* Assets.xcassets */ = {isa = PBXFileReference; lastKnownFileType = folder.assetcatalog; path = Assets.xcassets; sourceTree = "<group>"; };
		D279EB581D8C181C005E9A35 /* Base */ = {isa = PBXFileReference; lastKnownFileType = file.storyboard; name = Base; path = Base.lproj/LaunchScreen.storyboard; sourceTree = "<group>"; };
		D279EB5A1D8C181C005E9A35 /* Info.plist */ = {isa = PBXFileReference; lastKnownFileType = text.plist.xml; path = Info.plist; sourceTree = "<group>"; };
		D279EB611D8C189F005E9A35 /* Apple.png */ = {isa = PBXFileReference; lastKnownFileType = image.png; path = Apple.png; sourceTree = "<group>"; };
		D279EB621D8C189F005E9A35 /* Basketball.png */ = {isa = PBXFileReference; lastKnownFileType = image.png; path = Basketball.png; sourceTree = "<group>"; };
		D279EB681D8C189F005E9A35 /* BunnyDefault.png */ = {isa = PBXFileReference; lastKnownFileType = image.png; path = BunnyDefault.png; sourceTree = "<group>"; };
		D279EB6B1D8C189F005E9A35 /* BunnyRun1.png */ = {isa = PBXFileReference; lastKnownFileType = image.png; path = BunnyRun1.png; sourceTree = "<group>"; };
		D279EB6C1D8C189F005E9A35 /* BunnyRun2.png */ = {isa = PBXFileReference; lastKnownFileType = image.png; path = BunnyRun2.png; sourceTree = "<group>"; };
		D279EB6D1D8C189F005E9A35 /* BunnyText.png */ = {isa = PBXFileReference; lastKnownFileType = image.png; path = BunnyText.png; sourceTree = "<group>"; };
		D279EB6E1D8C189F005E9A35 /* Carrot1.png */ = {isa = PBXFileReference; lastKnownFileType = image.png; path = Carrot1.png; sourceTree = "<group>"; };
		D279EB6F1D8C189F005E9A35 /* Carrot2.png */ = {isa = PBXFileReference; lastKnownFileType = image.png; path = Carrot2.png; sourceTree = "<group>"; };
		D279EB701D8C189F005E9A35 /* Carrot3.png */ = {isa = PBXFileReference; lastKnownFileType = image.png; path = Carrot3.png; sourceTree = "<group>"; };
		D279EB711D8C189F005E9A35 /* Strawberry.png */ = {isa = PBXFileReference; lastKnownFileType = image.png; path = Strawberry.png; sourceTree = "<group>"; };
/* End PBXFileReference section */

/* Begin PBXFrameworksBuildPhase section */
		D279EB481D8C181C005E9A35 /* Frameworks */ = {
			isa = PBXFrameworksBuildPhase;
			buildActionMask = 2147483647;
			files = (
			);
			runOnlyForDeploymentPostprocessing = 0;
		};
/* End PBXFrameworksBuildPhase section */

/* Begin PBXGroup section */
		D279EB421D8C181C005E9A35 = {
			isa = PBXGroup;
			children = (
				D279EB4D1D8C181C005E9A35 /* CuteBunny */,
				D279EB4C1D8C181C005E9A35 /* Products */,
			);
			sourceTree = "<group>";
		};
		D279EB4C1D8C181C005E9A35 /* Products */ = {
			isa = PBXGroup;
			children = (
				D279EB4B1D8C181C005E9A35 /* CuteBunny.app */,
			);
			name = Products;
			sourceTree = "<group>";
		};
		D279EB4D1D8C181C005E9A35 /* CuteBunny */ = {
			isa = PBXGroup;
			children = (
				D279EB601D8C1872005E9A35 /* Resource */,
				D279EB4E1D8C181C005E9A35 /* AppDelegate.swift */,
				D279EB501D8C181C005E9A35 /* ViewController.swift */,
				D279EB521D8C181C005E9A35 /* Main.storyboard */,
				D279EB551D8C181C005E9A35 /* Assets.xcassets */,
				D279EB571D8C181C005E9A35 /* LaunchScreen.storyboard */,
				D279EB5A1D8C181C005E9A35 /* Info.plist */,
			);
			path = CuteBunny;
			sourceTree = "<group>";
		};
		D279EB601D8C1872005E9A35 /* Resource */ = {
			isa = PBXGroup;
			children = (
				D226AE8D1DA42A190015A74B /* BunnyCloseEyes1.png */,
				D226AE8E1DA42A190015A74B /* BunnyCloseEyes2.png */,
				D226AE8F1DA42A190015A74B /* BunnyCloseEyes3.png */,
				D226AE901DA42A190015A74B /* BunnyCloseEyes4.png */,
				D226AE911DA42A190015A74B /* BunnyCloseEyes5.png */,
				D226AE921DA42A190015A74B /* BunnyEat1.png */,
				D226AE931DA42A190015A74B /* BunnyEat2.png */,
				D226AE941DA42A190015A74B /* BunnyEat3.png */,
				D279EB611D8C189F005E9A35 /* Apple.png */,
				D279EB621D8C189F005E9A35 /* Basketball.png */,
				D279EB681D8C189F005E9A35 /* BunnyDefault.png */,
				D279EB6B1D8C189F005E9A35 /* BunnyRun1.png */,
				D279EB6C1D8C189F005E9A35 /* BunnyRun2.png */,
				D279EB6D1D8C189F005E9A35 /* BunnyText.png */,
				D279EB6E1D8C189F005E9A35 /* Carrot1.png */,
				D279EB6F1D8C189F005E9A35 /* Carrot2.png */,
				D279EB701D8C189F005E9A35 /* Carrot3.png */,
				D279EB711D8C189F005E9A35 /* Strawberry.png */,
			);
			name = Resource;
			sourceTree = "<group>";
		};
/* End PBXGroup section */

/* Begin PBXNativeTarget section */
		D279EB4A1D8C181C005E9A35 /* CuteBunny */ = {
			isa = PBXNativeTarget;
			buildConfigurationList = D279EB5D1D8C181C005E9A35 /* Build configuration list for PBXNativeTarget "CuteBunny" */;
			buildPhases = (
				D279EB471D8C181C005E9A35 /* Sources */,
				D279EB481D8C181C005E9A35 /* Frameworks */,
				D279EB491D8C181C005E9A35 /* Resources */,
			);
			buildRules = (
			);
			dependencies = (
			);
			name = CuteBunny;
			productName = CuteBunny;
			productReference = D279EB4B1D8C181C005E9A35 /* CuteBunny.app */;
			productType = "com.apple.product-type.application";
		};
/* End PBXNativeTarget section */

/* Begin PBXProject section */
		D279EB431D8C181C005E9A35 /* Project object */ = {
			isa = PBXProject;
			attributes = {
				LastSwiftUpdateCheck = 0800;
				LastUpgradeCheck = 0800;
				ORGANIZATIONNAME = chiggang;
				TargetAttributes = {
					D279EB4A1D8C181C005E9A35 = {
						CreatedOnToolsVersion = 8.0;
						DevelopmentTeam = M364Z9Z2GD;
						ProvisioningStyle = Automatic;
					};
				};
			};
			buildConfigurationList = D279EB461D8C181C005E9A35 /* Build configuration list for PBXProject "CuteBunny" */;
			compatibilityVersion = "Xcode 3.2";
			developmentRegion = English;
			hasScannedForEncodings = 0;
			knownRegions = (
				en,
				Base,
			);
			mainGroup = D279EB421D8C181C005E9A35;
			productRefGroup = D279EB4C1D8C181C005E9A35 /* Products */;
			projectDirPath = "";
			projectRoot = "";
			targets = (
				D279EB4A1D8C181C005E9A35 /* CuteBunny */,
			);
		};
/* End PBXProject section */

/* Begin PBXResourcesBuildPhase section */
		D279EB491D8C181C005E9A35 /* Resources */ = {
			isa = PBXResourcesBuildPhase;
			buildActionMask = 2147483647;
			files = (
				D226AE9B1DA42A190015A74B /* BunnyEat2.png in Resources */,
				D279EB791D8C189F005E9A35 /* BunnyDefault.png in Resources */,
				D226AE971DA42A190015A74B /* BunnyCloseEyes3.png in Resources */,
				D279EB7E1D8C189F005E9A35 /* BunnyText.png in Resources */,
				D226AE991DA42A190015A74B /* BunnyCloseEyes5.png in Resources */,
				D279EB591D8C181C005E9A35 /* LaunchScreen.storyboard in Resources */,
				D226AE9C1DA42A190015A74B /* BunnyEat3.png in Resources */,
				D226AE951DA42A190015A74B /* BunnyCloseEyes1.png in Resources */,
				D279EB7F1D8C189F005E9A35 /* Carrot1.png in Resources */,
				D279EB561D8C181C005E9A35 /* Assets.xcassets in Resources */,
				D226AE961DA42A190015A74B /* BunnyCloseEyes2.png in Resources */,
				D279EB7D1D8C189F005E9A35 /* BunnyRun2.png in Resources */,
				D279EB721D8C189F005E9A35 /* Apple.png in Resources */,
				D279EB811D8C189F005E9A35 /* Carrot3.png in Resources */,
				D279EB801D8C189F005E9A35 /* Carrot2.png in Resources */,
				D279EB7C1D8C189F005E9A35 /* BunnyRun1.png in Resources */,
				D279EB541D8C181C005E9A35 /* Main.storyboard in Resources */,
				D226AE9A1DA42A190015A74B /* BunnyEat1.png in Resources */,
				D279EB821D8C189F005E9A35 /* Strawberry.png in Resources */,
				D226AE981DA42A190015A74B /* BunnyCloseEyes4.png in Resources */,
				D279EB731D8C189F005E9A35 /* Basketball.png in Resources */,
			);
			runOnlyForDeploymentPostprocessing = 0;
		};
/* End PBXResourcesBuildPhase section */

/* Begin PBXSourcesBuildPhase section */
		D279EB471D8C181C005E9A35 /* Sources */ = {
			isa = PBXSourcesBuildPhase;
			buildActionMask = 2147483647;
			files = (
				D279EB511D8C181C005E9A35 /* ViewController.swift in Sources */,
				D279EB4F1D8C181C005E9A35 /* AppDelegate.swift in Sources */,
			);
			runOnlyForDeploymentPostprocessing = 0;
		};
/* End PBXSourcesBuildPhase section */

/* Begin PBXVariantGroup section */
		D279EB521D8C181C005E9A35 /* Main.storyboard */ = {
			isa = PBXVariantGroup;
			children = (
				D279EB531D8C181C005E9A35 /* Base */,
			);
			name = Main.storyboard;
			sourceTree = "<group>";
		};
		D279EB571D8C181C005E9A35 /* LaunchScreen.storyboard */ = {
			isa = PBXVariantGroup;
			children = (
				D279EB581D8C181C005E9A35 /* Base */,
			);
			name = LaunchScreen.storyboard;
			sourceTree = "<group>";
		};
/* End PBXVariantGroup section */

/* Begin XCBuildConfiguration section */
		D279EB5B1D8C181C005E9A35 /* Debug */ = {
			isa = XCBuildConfiguration;
			buildSettings = {
				ALWAYS_SEARCH_USER_PATHS = NO;
				CLANG_ANALYZER_NONNULL = YES;
				CLANG_CXX_LANGUAGE_STANDARD = "gnu++0x";
				CLANG_CXX_LIBRARY = "libc++";
				CLANG_ENABLE_MODULES = YES;
				CLANG_ENABLE_OBJC_ARC = YES;
				CLANG_WARN_BOOL_CONVERSION = YES;
				CLANG_WARN_CONSTANT_CONVERSION = YES;
				CLANG_WARN_DIRECT_OBJC_ISA_USAGE = YES_ERROR;
				CLANG_WARN_DOCUMENTATION_COMMENTS = YES;
				CLANG_WARN_EMPTY_BODY = YES;
				CLANG_WARN_ENUM_CONVERSION = YES;
				CLANG_WARN_INFINITE_RECURSION = YES;
				CLANG_WARN_INT_CONVERSION = YES;
				CLANG_WARN_OBJC_ROOT_CLASS = YES_ERROR;
				CLANG_WARN_SUSPICIOUS_MOVES = YES;
				CLANG_WARN_UNREACHABLE_CODE = YES;
				CLANG_WARN__DUPLICATE_METHOD_MATCH = YES;
				"CODE_SIGN_IDENTITY[sdk=iphoneos*]" = "iPhone Developer";
				COPY_PHASE_STRIP = NO;
				DEBUG_INFORMATION_FORMAT = dwarf;
				ENABLE_STRICT_OBJC_MSGSEND = YES;
				ENABLE_TESTABILITY = YES;
				GCC_C_LANGUAGE_STANDARD = gnu99;
				GCC_DYNAMIC_NO_PIC = NO;
				GCC_NO_COMMON_BLOCKS = YES;
				GCC_OPTIMIZATION_LEVEL = 0;
				GCC_PREPROCESSOR_DEFINITIONS = (
					"DEBUG=1",
					"$(inherited)",
				);
				GCC_WARN_64_TO_32_BIT_CONVERSION = YES;
				GCC_WARN_ABOUT_RETURN_TYPE = YES_ERROR;
				GCC_WARN_UNDECLARED_SELECTOR = YES;
				GCC_WARN_UNINITIALIZED_AUTOS = YES_AGGRESSIVE;
				GCC_WARN_UNUSED_FUNCTION = YES;
				GCC_WARN_UNUSED_VARIABLE = YES;
				IPHONEOS_DEPLOYMENT_TARGET = 10.0;
				MTL_ENABLE_DEBUG_INFO = YES;
				ONLY_ACTIVE_ARCH = YES;
				SDKROOT = iphoneos;
				SWIFT_ACTIVE_COMPILATION_CONDITIONS = DEBUG;
				SWIFT_OPTIMIZATION_LEVEL = "-Onone";
				TARGETED_DEVICE_FAMILY = "1,2";
			};
			name = Debug;
		};
		D279EB5C1D8C181C005E9A35 /* Release */ = {
			isa = XCBuildConfiguration;
			buildSettings = {
				ALWAYS_SEARCH_USER_PATHS = NO;
				CLANG_ANALYZER_NONNULL = YES;
				CLANG_CXX_LANGUAGE_STANDARD = "gnu++0x";
				CLANG_CXX_LIBRARY = "libc++";
				CLANG_ENABLE_MODULES = YES;
				CLANG_ENABLE_OBJC_ARC = YES;
				CLANG_WARN_BOOL_CONVERSION = YES;
				CLANG_WARN_CONSTANT_CONVERSION = YES;
				CLANG_WARN_DIRECT_OBJC_ISA_USAGE = YES_ERROR;
				CLANG_WARN_DOCUMENTATION_COMMENTS = YES;
				CLANG_WARN_EMPTY_BODY = YES;
				CLANG_WARN_ENUM_CONVERSION = YES;
				CLANG_WARN_INFINITE_RECURSION = YES;
				CLANG_WARN_INT_CONVERSION = YES;
				CLANG_WARN_OBJC_ROOT_CLASS = YES_ERROR;
				CLANG_WARN_SUSPICIOUS_MOVES = YES;
				CLANG_WARN_UNREACHABLE_CODE = YES;
				CLANG_WARN__DUPLICATE_METHOD_MATCH = YES;
				"CODE_SIGN_IDENTITY[sdk=iphoneos*]" = "iPhone Developer";
				COPY_PHASE_STRIP = NO;
				DEBUG_INFORMATION_FORMAT = "dwarf-with-dsym";
				ENABLE_NS_ASSERTIONS = NO;
				ENABLE_STRICT_OBJC_MSGSEND = YES;
				GCC_C_LANGUAGE_STANDARD = gnu99;
				GCC_NO_COMMON_BLOCKS = YES;
				GCC_WARN_64_TO_32_BIT_CONVERSION = YES;
				GCC_WARN_ABOUT_RETURN_TYPE = YES_ERROR;
				GCC_WARN_UNDECLARED_SELECTOR = YES;
				GCC_WARN_UNINITIALIZED_AUTOS = YES_AGGRESSIVE;
				GCC_WARN_UNUSED_FUNCTION = YES;
				GCC_WARN_UNUSED_VARIABLE = YES;
				IPHONEOS_DEPLOYMENT_TARGET = 10.0;
				MTL_ENABLE_DEBUG_INFO = NO;
				SDKROOT = iphoneos;
				SWIFT_OPTIMIZATION_LEVEL = "-Owholemodule";
				TARGETED_DEVICE_FAMILY = "1,2";
				VALIDATE_PRODUCT = YES;
			};
			name = Release;
		};
		D279EB5E1D8C181C005E9A35 /* Debug */ = {
			isa = XCBuildConfiguration;
			buildSettings = {
				ASSETCATALOG_COMPILER_APPICON_NAME = AppIcon;
				DEVELOPMENT_TEAM = M364Z9Z2GD;
				INFOPLIST_FILE = CuteBunny/Info.plist;
				LD_RUNPATH_SEARCH_PATHS = "$(inherited) @executable_path/Frameworks";
				PRODUCT_BUNDLE_IDENTIFIER = com.chiggang.iOS.CuteBunny;
				PRODUCT_NAME = "$(TARGET_NAME)";
				SWIFT_VERSION = 3.0;
			};
			name = Debug;
		};
		D279EB5F1D8C181C005E9A35 /* Release */ = {
			isa = XCBuildConfiguration;
			buildSettings = {
				ASSETCATALOG_COMPILER_APPICON_NAME = AppIcon;
				DEVELOPMENT_TEAM = M364Z9Z2GD;
				INFOPLIST_FILE = CuteBunny/Info.plist;
				LD_RUNPATH_SEARCH_PATHS = "$(inherited) @executable_path/Frameworks";
				PRODUCT_BUNDLE_IDENTIFIER = com.chiggang.iOS.CuteBunny;
				PRODUCT_NAME = "$(TARGET_NAME)";
				SWIFT_VERSION = 3.0;
			};
			name = Release;
		};
/* End XCBuildConfiguration section */

/* Begin XCConfigurationList section */
		D279EB461D8C181C005E9A35 /* Build configuration list for PBXProject "CuteBunny" */ = {
			isa = XCConfigurationList;
			buildConfigurations = (
				D279EB5B1D8C181C005E9A35 /* Debug */,
				D279EB5C1D8C181C005E9A35 /* Release */,
			);
			defaultConfigurationIsVisible = 0;
			defaultConfigurationName = Release;
		};
		D279EB5D1D8C181C005E9A35 /* Build configuration list for PBXNativeTarget "CuteBunny" */ = {
			isa = XCConfigurationList;
			buildConfigurations = (
				D279EB5E1D8C181C005E9A35 /* Debug */,
				D279EB5F1D8C181C005E9A35 /* Release */,
			);
			defaultConfigurationIsVisible = 0;
			defaultConfigurationName = Release;
		};
/* End XCConfigurationList section */
	};
	rootObject = D279EB431D8C181C005E9A35 /* Project object */;
}
